
Microsoft Visual Studio Solution File, Format Version 12.00
# Visual Studio Version 16
VisualStudioVersion = 16.0.31229.75
MinimumVisualStudioVersion = 10.0.40219.1
Project("{FAE04EC0-301F-11D3-BF4B-00C04F79EFBC}") = "WebApplicationDemo", "WebApplicationDemo.csproj", "{1122FD97-63B1-4293-9213-C739B0D1B097}"
EndProject
Global
	GlobalSection(SolutionConfigurationPlatforms) = preSolution
		Debug|Any CPU = Debug|Any CPU
		Release|Any CPU = Release|Any CPU
	EndGlobalSection
	GlobalSection(ProjectConfigurationPlatforms) = postSolution
		{1122FD97-63B1-4293-9213-C739B0D1B097}.Debug|Any CPU.ActiveCfg = Debug|Any CPU
		{1122FD97-63B1-4293-9213-C739B0D1B097}.Debug|Any CPU.Build.0 = Debug|Any CPU
		{1122FD97-63B1-4293-9213-C739B0D1B097}.Release|Any CPU.ActiveCfg = Release|Any CPU
		{1122FD97-63B1-4293-9213-C739B0D1B097}.Release|Any CPU.Build.0 = Release|Any CPU
	EndGlobalSection
	GlobalSection(SolutionProperties) = preSolution
		HideSolutionNode = FALSE
	EndGlobalSection
	GlobalSection(ExtensibilityGlobals) = postSolution
		SolutionGuid = {E6F027F6-FDA4-4CD0-91AF-A26F062AF2C8}
	EndGlobalSection
EndGlobal
